
Microsoft Visual Studio Solution File, Format Version 12.00
# Visual Studio Version 17
VisualStudioVersion = 17.5.33424.131
MinimumVisualStudioVersion = 10.0.40219.1
Project("{9A19103F-16F7-4668-BE54-9A1E7A4F7556}") = "WebApplication1", "WebApplication1\WebApplication1.csproj", "{32E43CAC-4490-4A3D-9DC7-4AA44B7F1A42}"
EndProject
Project("{9A19103F-16F7-4668-BE54-9A1E7A4F7556}") = "WebApplicationEmpty", "WebApplicationEmpty\WebApplicationEmpty.csproj", "{80604203-3AF8-45B8-A3AE-72EF0F6C64B7}"
EndProject
Project("{9A19103F-16F7-4668-BE54-9A1E7A4F7556}") = "WebAPIExample", "WebAPIExample\WebAPIExample.csproj", "{656BB904-4063-4D85-B9AD-DDA18B33485B}"
EndProject
Project("{9A19103F-16F7-4668-BE54-9A1E7A4F7556}") = "StudentData", "StudentData\StudentData.csproj", "{F1B05DF5-DC2D-4024-A1BE-6F81ADF1BC8A}"
EndProject
Project("{9A19103F-16F7-4668-BE54-9A1E7A4F7556}") = "CustomerLocationAssignment", "CustomerLocationAssignment\CustomerLocationAssignment.csproj", "{6772511B-593C-49D9-9CB1-F788169DF6D0}"
EndProject
Project("{9A19103F-16F7-4668-BE54-9A1E7A4F7556}") = "FileUploadAssignment", "FileUploadAssignment\FileUploadAssignment.csproj", "{85DFDF1D-5BCF-4A0B-9768-43AEB8942F1A}"
EndProject
Project("{9A19103F-16F7-4668-BE54-9A1E7A4F7556}") = "TestFilters", "TestFilters\TestFilters.csproj", "{87C402E5-7311-4763-A6BA-B6875836AA24}"
EndProject
Project("{2150E333-8FDC-42A3-9474-1A3956D46DE8}") = "CustomerLocationRP", "CustomerLocationRP", "{B6775D0F-15CD-472A-A1B2-12B152FE6A0A}"
EndProject
Project("{9A19103F-16F7-4668-BE54-9A1E7A4F7556}") = "CustomerLocationRP.Services", "CustomerLocationRP.Services\CustomerLocationRP.Services.csproj", "{56C75ED0-5B24-4B78-AE9D-2D68B591E621}"
EndProject
Project("{9A19103F-16F7-4668-BE54-9A1E7A4F7556}") = "CustomerLocationRP.WebAPI", "CustomerLocationRP.WebAPI\CustomerLocationRP.WebAPI.csproj", "{C9642642-DE03-4497-8854-0DE8EA813FFC}"
EndProject
Project("{9A19103F-16F7-4668-BE54-9A1E7A4F7556}") = "CustomerLocationRP.Data", "CustomerLocationRP.Data\CustomerLocationRP.Data.csproj", "{3B82304E-6C92-47CF-A2EA-FE0473B96AE6}"
EndProject
Project("{2150E333-8FDC-42A3-9474-1A3956D46DE8}") = "ReactCustomerLocation", "ReactCustomerLocation", "{7825F85D-0E9A-4021-9F77-A45ABA8F5C43}"
EndProject
Project("{9A19103F-16F7-4668-BE54-9A1E7A4F7556}") = "ReactCustomerLocation.WebAPI", "ReactCustomerLocation.WebAPI\ReactCustomerLocation.WebAPI.csproj", "{3CE1C924-156E-4F98-87CD-5A66CAC33C31}"
	ProjectSection(ProjectDependencies) = postProject
		{282DE5C4-990A-497D-B82C-A6850F147728} = {282DE5C4-990A-497D-B82C-A6850F147728}
		{9E0945C9-4D0A-4A83-9094-A31DA6749FD5} = {9E0945C9-4D0A-4A83-9094-A31DA6749FD5}
	EndProjectSection
EndProject
Project("{9A19103F-16F7-4668-BE54-9A1E7A4F7556}") = "ReactCustomerLocation.Data", "ReactCustomerLocation.Data\ReactCustomerLocation.Data.csproj", "{9E0945C9-4D0A-4A83-9094-A31DA6749FD5}"
EndProject
Project("{9A19103F-16F7-4668-BE54-9A1E7A4F7556}") = "ReactCustomerLocation.Services", "ReactCustomerLocation.Services\ReactCustomerLocation.Services.csproj", "{282DE5C4-990A-497D-B82C-A6850F147728}"
EndProject
Project("{2150E333-8FDC-42A3-9474-1A3956D46DE8}") = "Lexicon", "Lexicon", "{C76385EE-8E5C-46C8-A86A-7A25A7E63EBA}"
EndProject
Project("{9A19103F-16F7-4668-BE54-9A1E7A4F7556}") = "Lexicon.Data", "Lexicon\Lexicon.Data\Lexicon.Data.csproj", "{2BF85E08-9DD5-452C-BFE7-F5C3860D20CC}"
EndProject
Project("{9A19103F-16F7-4668-BE54-9A1E7A4F7556}") = "Lexicon.WebAPI", "Lexicon\Lexicon.WebAPI\Lexicon.WebAPI.csproj", "{65EE1B6B-B4B3-4C2D-9577-CB42D9666464}"
EndProject
Project("{9A19103F-16F7-4668-BE54-9A1E7A4F7556}") = "Lexicon.Services", "Lexicon\Lexicon.Services\Lexicon.Services.csproj", "{66A92A0D-038E-46D9-9F74-0CDBD5B13BF3}"
EndProject
Project("{2150E333-8FDC-42A3-9474-1A3956D46DE8}") = "Solution Items", "Solution Items", "{74711BC1-0BCB-4DBF-96EA-74F82E2FE222}"
	ProjectSection(SolutionItems) = preProject
		.editorconfig = .editorconfig
	EndProjectSection
EndProject
Global
	GlobalSection(SolutionConfigurationPlatforms) = preSolution
		Debug|Any CPU = Debug|Any CPU
		Release|Any CPU = Release|Any CPU
	EndGlobalSection
	GlobalSection(ProjectConfigurationPlatforms) = postSolution
		{32E43CAC-4490-4A3D-9DC7-4AA44B7F1A42}.Debug|Any CPU.ActiveCfg = Debug|Any CPU
		{32E43CAC-4490-4A3D-9DC7-4AA44B7F1A42}.Debug|Any CPU.Build.0 = Debug|Any CPU
		{32E43CAC-4490-4A3D-9DC7-4AA44B7F1A42}.Release|Any CPU.ActiveCfg = Release|Any CPU
		{32E43CAC-4490-4A3D-9DC7-4AA44B7F1A42}.Release|Any CPU.Build.0 = Release|Any CPU
		{80604203-3AF8-45B8-A3AE-72EF0F6C64B7}.Debug|Any CPU.ActiveCfg = Debug|Any CPU
		{80604203-3AF8-45B8-A3AE-72EF0F6C64B7}.Debug|Any CPU.Build.0 = Debug|Any CPU
		{80604203-3AF8-45B8-A3AE-72EF0F6C64B7}.Release|Any CPU.ActiveCfg = Release|Any CPU
		{80604203-3AF8-45B8-A3AE-72EF0F6C64B7}.Release|Any CPU.Build.0 = Release|Any CPU
		{656BB904-4063-4D85-B9AD-DDA18B33485B}.Debug|Any CPU.ActiveCfg = Debug|Any CPU
		{656BB904-4063-4D85-B9AD-DDA18B33485B}.Debug|Any CPU.Build.0 = Debug|Any CPU
		{656BB904-4063-4D85-B9AD-DDA18B33485B}.Release|Any CPU.ActiveCfg = Release|Any CPU
		{656BB904-4063-4D85-B9AD-DDA18B33485B}.Release|Any CPU.Build.0 = Release|Any CPU
		{F1B05DF5-DC2D-4024-A1BE-6F81ADF1BC8A}.Debug|Any CPU.ActiveCfg = Debug|Any CPU
		{F1B05DF5-DC2D-4024-A1BE-6F81ADF1BC8A}.Debug|Any CPU.Build.0 = Debug|Any CPU
		{F1B05DF5-DC2D-4024-A1BE-6F81ADF1BC8A}.Release|Any CPU.ActiveCfg = Release|Any CPU
		{F1B05DF5-DC2D-4024-A1BE-6F81ADF1BC8A}.Release|Any CPU.Build.0 = Release|Any CPU
		{6772511B-593C-49D9-9CB1-F788169DF6D0}.Debug|Any CPU.ActiveCfg = Debug|Any CPU
		{6772511B-593C-49D9-9CB1-F788169DF6D0}.Debug|Any CPU.Build.0 = Debug|Any CPU
		{6772511B-593C-49D9-9CB1-F788169DF6D0}.Release|Any CPU.ActiveCfg = Release|Any CPU
		{6772511B-593C-49D9-9CB1-F788169DF6D0}.Release|Any CPU.Build.0 = Release|Any CPU
		{85DFDF1D-5BCF-4A0B-9768-43AEB8942F1A}.Debug|Any CPU.ActiveCfg = Debug|Any CPU
		{85DFDF1D-5BCF-4A0B-9768-43AEB8942F1A}.Debug|Any CPU.Build.0 = Debug|Any CPU
		{85DFDF1D-5BCF-4A0B-9768-43AEB8942F1A}.Release|Any CPU.ActiveCfg = Release|Any CPU
		{85DFDF1D-5BCF-4A0B-9768-43AEB8942F1A}.Release|Any CPU.Build.0 = Release|Any CPU
		{87C402E5-7311-4763-A6BA-B6875836AA24}.Debug|Any CPU.ActiveCfg = Debug|Any CPU
		{87C402E5-7311-4763-A6BA-B6875836AA24}.Debug|Any CPU.Build.0 = Debug|Any CPU
		{87C402E5-7311-4763-A6BA-B6875836AA24}.Release|Any CPU.ActiveCfg = Release|Any CPU
		{87C402E5-7311-4763-A6BA-B6875836AA24}.Release|Any CPU.Build.0 = Release|Any CPU
		{56C75ED0-5B24-4B78-AE9D-2D68B591E621}.Debug|Any CPU.ActiveCfg = Debug|Any CPU
		{56C75ED0-5B24-4B78-AE9D-2D68B591E621}.Debug|Any CPU.Build.0 = Debug|Any CPU
		{56C75ED0-5B24-4B78-AE9D-2D68B591E621}.Release|Any CPU.ActiveCfg = Release|Any CPU
		{56C75ED0-5B24-4B78-AE9D-2D68B591E621}.Release|Any CPU.Build.0 = Release|Any CPU
		{C9642642-DE03-4497-8854-0DE8EA813FFC}.Debug|Any CPU.ActiveCfg = Debug|Any CPU
		{C9642642-DE03-4497-8854-0DE8EA813FFC}.Debug|Any CPU.Build.0 = Debug|Any CPU
		{C9642642-DE03-4497-8854-0DE8EA813FFC}.Release|Any CPU.ActiveCfg = Release|Any CPU
		{C9642642-DE03-4497-8854-0DE8EA813FFC}.Release|Any CPU.Build.0 = Release|Any CPU
		{3B82304E-6C92-47CF-A2EA-FE0473B96AE6}.Debug|Any CPU.ActiveCfg = Debug|Any CPU
		{3B82304E-6C92-47CF-A2EA-FE0473B96AE6}.Debug|Any CPU.Build.0 = Debug|Any CPU
		{3B82304E-6C92-47CF-A2EA-FE0473B96AE6}.Release|Any CPU.ActiveCfg = Release|Any CPU
		{3B82304E-6C92-47CF-A2EA-FE0473B96AE6}.Release|Any CPU.Build.0 = Release|Any CPU
		{3CE1C924-156E-4F98-87CD-5A66CAC33C31}.Debug|Any CPU.ActiveCfg = Debug|Any CPU
		{3CE1C924-156E-4F98-87CD-5A66CAC33C31}.Debug|Any CPU.Build.0 = Debug|Any CPU
		{3CE1C924-156E-4F98-87CD-5A66CAC33C31}.Release|Any CPU.ActiveCfg = Release|Any CPU
		{3CE1C924-156E-4F98-87CD-5A66CAC33C31}.Release|Any CPU.Build.0 = Release|Any CPU
		{9E0945C9-4D0A-4A83-9094-A31DA6749FD5}.Debug|Any CPU.ActiveCfg = Debug|Any CPU
		{9E0945C9-4D0A-4A83-9094-A31DA6749FD5}.Debug|Any CPU.Build.0 = Debug|Any CPU
		{9E0945C9-4D0A-4A83-9094-A31DA6749FD5}.Release|Any CPU.ActiveCfg = Release|Any CPU
		{9E0945C9-4D0A-4A83-9094-A31DA6749FD5}.Release|Any CPU.Build.0 = Release|Any CPU
		{282DE5C4-990A-497D-B82C-A6850F147728}.Debug|Any CPU.ActiveCfg = Debug|Any CPU
		{282DE5C4-990A-497D-B82C-A6850F147728}.Debug|Any CPU.Build.0 = Debug|Any CPU
		{282DE5C4-990A-497D-B82C-A6850F147728}.Release|Any CPU.ActiveCfg = Release|Any CPU
		{282DE5C4-990A-497D-B82C-A6850F147728}.Release|Any CPU.Build.0 = Release|Any CPU
		{2BF85E08-9DD5-452C-BFE7-F5C3860D20CC}.Debug|Any CPU.ActiveCfg = Debug|Any CPU
		{2BF85E08-9DD5-452C-BFE7-F5C3860D20CC}.Debug|Any CPU.Build.0 = Debug|Any CPU
		{2BF85E08-9DD5-452C-BFE7-F5C3860D20CC}.Release|Any CPU.ActiveCfg = Release|Any CPU
		{2BF85E08-9DD5-452C-BFE7-F5C3860D20CC}.Release|Any CPU.Build.0 = Release|Any CPU
		{65EE1B6B-B4B3-4C2D-9577-CB42D9666464}.Debug|Any CPU.ActiveCfg = Debug|Any CPU
		{65EE1B6B-B4B3-4C2D-9577-CB42D9666464}.Debug|Any CPU.Build.0 = Debug|Any CPU
		{65EE1B6B-B4B3-4C2D-9577-CB42D9666464}.Release|Any CPU.ActiveCfg = Release|Any CPU
		{65EE1B6B-B4B3-4C2D-9577-CB42D9666464}.Release|Any CPU.Build.0 = Release|Any CPU
		{66A92A0D-038E-46D9-9F74-0CDBD5B13BF3}.Debug|Any CPU.ActiveCfg = Debug|Any CPU
		{66A92A0D-038E-46D9-9F74-0CDBD5B13BF3}.Debug|Any CPU.Build.0 = Debug|Any CPU
		{66A92A0D-038E-46D9-9F74-0CDBD5B13BF3}.Release|Any CPU.ActiveCfg = Release|Any CPU
		{66A92A0D-038E-46D9-9F74-0CDBD5B13BF3}.Release|Any CPU.Build.0 = Release|Any CPU
	EndGlobalSection
	GlobalSection(SolutionProperties) = preSolution
		HideSolutionNode = FALSE
	EndGlobalSection
	GlobalSection(NestedProjects) = preSolution
		{56C75ED0-5B24-4B78-AE9D-2D68B591E621} = {B6775D0F-15CD-472A-A1B2-12B152FE6A0A}
		{C9642642-DE03-4497-8854-0DE8EA813FFC} = {B6775D0F-15CD-472A-A1B2-12B152FE6A0A}
		{3B82304E-6C92-47CF-A2EA-FE0473B96AE6} = {B6775D0F-15CD-472A-A1B2-12B152FE6A0A}
		{3CE1C924-156E-4F98-87CD-5A66CAC33C31} = {7825F85D-0E9A-4021-9F77-A45ABA8F5C43}
		{9E0945C9-4D0A-4A83-9094-A31DA6749FD5} = {7825F85D-0E9A-4021-9F77-A45ABA8F5C43}
		{282DE5C4-990A-497D-B82C-A6850F147728} = {7825F85D-0E9A-4021-9F77-A45ABA8F5C43}
		{2BF85E08-9DD5-452C-BFE7-F5C3860D20CC} = {C76385EE-8E5C-46C8-A86A-7A25A7E63EBA}
		{65EE1B6B-B4B3-4C2D-9577-CB42D9666464} = {C76385EE-8E5C-46C8-A86A-7A25A7E63EBA}
		{66A92A0D-038E-46D9-9F74-0CDBD5B13BF3} = {C76385EE-8E5C-46C8-A86A-7A25A7E63EBA}
	EndGlobalSection
	GlobalSection(ExtensibilityGlobals) = postSolution
		SolutionGuid = {6B625223-5B2D-488C-9F33-04C6D5D8B9FC}
	EndGlobalSection
EndGlobal
